
Microsoft Visual Studio Solution File, Format Version 12.00
# Visual Studio Version 16
VisualStudioVersion = 16.0.31729.503
MinimumVisualStudioVersion = 10.0.40219.1
Project("{FAE04EC0-301F-11D3-BF4B-00C04F79EFBC}") = "ConsoleApp2", "ConsoleApp2\ConsoleApp2.csproj", "{98718942-FCEE-4A6F-A584-6A6192E93A87}"
EndProject
Global
	GlobalSection(SolutionConfigurationPlatforms) = preSolution
		Debug|Any CPU = Debug|Any CPU
		Release|Any CPU = Release|Any CPU
	EndGlobalSection
	GlobalSection(ProjectConfigurationPlatforms) = postSolution
		{98718942-FCEE-4A6F-A584-6A6192E93A87}.Debug|Any CPU.ActiveCfg = Debug|Any CPU
		{98718942-FCEE-4A6F-A584-6A6192E93A87}.Debug|Any CPU.Build.0 = Debug|Any CPU
		{98718942-FCEE-4A6F-A584-6A6192E93A87}.Release|Any CPU.ActiveCfg = Release|Any CPU
		{98718942-FCEE-4A6F-A584-6A6192E93A87}.Release|Any CPU.Build.0 = Release|Any CPU
	EndGlobalSection
	GlobalSection(SolutionProperties) = preSolution
		HideSolutionNode = FALSE
	EndGlobalSection
	GlobalSection(ExtensibilityGlobals) = postSolution
		SolutionGuid = {864706A4-1333-4767-9002-418BA17F28A8}
	EndGlobalSection
EndGlobal
